
Microsoft Visual Studio Solution File, Format Version 12.00
# Visual Studio Version 17
VisualStudioVersion = 17.0.32126.317
MinimumVisualStudioVersion = 10.0.40219.1
Project("{FAE04EC0-301F-11D3-BF4B-00C04F79EFBC}") = "Concert2", "Concert2\Concert2.csproj", "{3EA3BFD2-F8F2-42F5-BDF4-B4F5F34D1BBD}"
EndProject
Global
	GlobalSection(SolutionConfigurationPlatforms) = preSolution
		Debug|Any CPU = Debug|Any CPU
		Release|Any CPU = Release|Any CPU
	EndGlobalSection
	GlobalSection(ProjectConfigurationPlatforms) = postSolution
		{3EA3BFD2-F8F2-42F5-BDF4-B4F5F34D1BBD}.Debug|Any CPU.ActiveCfg = Debug|Any CPU
		{3EA3BFD2-F8F2-42F5-BDF4-B4F5F34D1BBD}.Debug|Any CPU.Build.0 = Debug|Any CPU
		{3EA3BFD2-F8F2-42F5-BDF4-B4F5F34D1BBD}.Release|Any CPU.ActiveCfg = Release|Any CPU
		{3EA3BFD2-F8F2-42F5-BDF4-B4F5F34D1BBD}.Release|Any CPU.Build.0 = Release|Any CPU
	EndGlobalSection
	GlobalSection(SolutionProperties) = preSolution
		HideSolutionNode = FALSE
	EndGlobalSection
	GlobalSection(ExtensibilityGlobals) = postSolution
		SolutionGuid = {E557C979-D264-4D67-95F9-18FDB74F9894}
	EndGlobalSection
EndGlobal
